// !$*UTF8*$!
{
	archiveVersion = 1;
	classes = {
	};
	objectVersion = 50;
	objects = {

/* Begin PBXBuildFile section */
		97F8F206BA540C96957A745D /* Pods_TWKamuTests.framework in Frameworks */ = {isa = PBXBuildFile; fileRef = 9353BA450F2D3AB09E0BC126 /* Pods_TWKamuTests.framework */; };
		B91B4985211E27BB0015BEBC /* AppDelegate.swift in Sources */ = {isa = PBXBuildFile; fileRef = B91B4984211E27BB0015BEBC /* AppDelegate.swift */; };
		B91B498C211E27BD0015BEBC /* Assets.xcassets in Resources */ = {isa = PBXBuildFile; fileRef = B91B498B211E27BD0015BEBC /* Assets.xcassets */; };
		B91B498F211E27BD0015BEBC /* LaunchScreen.storyboard in Resources */ = {isa = PBXBuildFile; fileRef = B91B498D211E27BD0015BEBC /* LaunchScreen.storyboard */; };
		B91B499A211E27BD0015BEBC /* TWKamuTests.swift in Sources */ = {isa = PBXBuildFile; fileRef = B91B4999211E27BD0015BEBC /* TWKamuTests.swift */; };
		B93206A52121DEBB006F2836 /* Realm.framework in Frameworks */ = {isa = PBXBuildFile; fileRef = B93206A32121D165006F2836 /* Realm.framework */; };
		B93206AC2121F539006F2836 /* RealmSwift.framework in Frameworks */ = {isa = PBXBuildFile; fileRef = B93206AB2121F539006F2836 /* RealmSwift.framework */; };
		B93206AD2121F8BD006F2836 /* Realm.framework in Frameworks */ = {isa = PBXBuildFile; fileRef = B93206A32121D165006F2836 /* Realm.framework */; };
		B93206AE2121F8BD006F2836 /* Realm.framework in Embed Frameworks */ = {isa = PBXBuildFile; fileRef = B93206A32121D165006F2836 /* Realm.framework */; settings = {ATTRIBUTES = (CodeSignOnCopy, RemoveHeadersOnCopy, ); }; };
		B93206B02121F8C9006F2836 /* RealmSwift.framework in Frameworks */ = {isa = PBXBuildFile; fileRef = B93206AB2121F539006F2836 /* RealmSwift.framework */; };
		B93206B12121F8C9006F2836 /* RealmSwift.framework in Embed Frameworks */ = {isa = PBXBuildFile; fileRef = B93206AB2121F539006F2836 /* RealmSwift.framework */; settings = {ATTRIBUTES = (CodeSignOnCopy, RemoveHeadersOnCopy, ); }; };
		B93206B821220124006F2836 /* HomeInterfaces.swift in Sources */ = {isa = PBXBuildFile; fileRef = B93206B221220124006F2836 /* HomeInterfaces.swift */; };
		B93206B921220124006F2836 /* HomePresenter.swift in Sources */ = {isa = PBXBuildFile; fileRef = B93206B321220124006F2836 /* HomePresenter.swift */; };
		B93206BA21220124006F2836 /* HomeViewController.swift in Sources */ = {isa = PBXBuildFile; fileRef = B93206B421220124006F2836 /* HomeViewController.swift */; };
		B93206BC21220124006F2836 /* HomeViewController.xib in Resources */ = {isa = PBXBuildFile; fileRef = B93206B621220124006F2836 /* HomeViewController.xib */; };
		B93206BD21220124006F2836 /* HomeWireframe.swift in Sources */ = {isa = PBXBuildFile; fileRef = B93206B721220124006F2836 /* HomeWireframe.swift */; };
		B93206C021220998006F2836 /* KamuStrings.swift in Sources */ = {isa = PBXBuildFile; fileRef = B93206BF21220998006F2836 /* KamuStrings.swift */; };
		B93206C221221F60006F2836 /* KamuClearNavigationBarTheme.swift in Sources */ = {isa = PBXBuildFile; fileRef = B93206C121221F60006F2836 /* KamuClearNavigationBarTheme.swift */; };
		B93206C921222198006F2836 /* LibrariesInterfaces.swift in Sources */ = {isa = PBXBuildFile; fileRef = B93206C321222198006F2836 /* LibrariesInterfaces.swift */; };
		B93206CA21222198006F2836 /* LibrariesPresenter.swift in Sources */ = {isa = PBXBuildFile; fileRef = B93206C421222198006F2836 /* LibrariesPresenter.swift */; };
		B93206CB21222198006F2836 /* LibrariesViewController.swift in Sources */ = {isa = PBXBuildFile; fileRef = B93206C521222198006F2836 /* LibrariesViewController.swift */; };
		B93206CD21222198006F2836 /* LibrariesViewController.xib in Resources */ = {isa = PBXBuildFile; fileRef = B93206C721222198006F2836 /* LibrariesViewController.xib */; };
		B93206CE21222198006F2836 /* LibrariesWireframe.swift in Sources */ = {isa = PBXBuildFile; fileRef = B93206C821222198006F2836 /* LibrariesWireframe.swift */; };
		B93F3C112123077B0000D0A5 /* KamuLibraryCell.swift in Sources */ = {isa = PBXBuildFile; fileRef = B93F3C0F2123077B0000D0A5 /* KamuLibraryCell.swift */; };
		B93F3C122123077B0000D0A5 /* KamuLibraryCell.xib in Resources */ = {isa = PBXBuildFile; fileRef = B93F3C102123077B0000D0A5 /* KamuLibraryCell.xib */; };
		B9C0805A211E2ED20072F7BC /* Nimble.framework in Frameworks */ = {isa = PBXBuildFile; fileRef = B9C08058211E2ED20072F7BC /* Nimble.framework */; };
		B9C0805B211E2ED20072F7BC /* Quick.framework in Frameworks */ = {isa = PBXBuildFile; fileRef = B9C08059211E2ED20072F7BC /* Quick.framework */; };
		B9C08062211E2F7F0072F7BC /* ViewInterface.swift in Sources */ = {isa = PBXBuildFile; fileRef = B9C0805E211E2F7E0072F7BC /* ViewInterface.swift */; };
		B9C08063211E2F7F0072F7BC /* PresenterInterface.swift in Sources */ = {isa = PBXBuildFile; fileRef = B9C0805F211E2F7E0072F7BC /* PresenterInterface.swift */; };
		B9C08065211E2F7F0072F7BC /* InteractorInterface.swift in Sources */ = {isa = PBXBuildFile; fileRef = B9C08061211E2F7E0072F7BC /* InteractorInterface.swift */; };
		B9C08067211E2FF20072F7BC /* WireframeInterfaces.swift in Sources */ = {isa = PBXBuildFile; fileRef = B9C08066211E2FF20072F7BC /* WireframeInterfaces.swift */; };
		B9C08069211E32540072F7BC /* BaseWireframe.swift in Sources */ = {isa = PBXBuildFile; fileRef = B9C08068211E32540072F7BC /* BaseWireframe.swift */; };
		B9C27BB6211E33E100BBAFEC /* KamuNavigationController.swift in Sources */ = {isa = PBXBuildFile; fileRef = B9C27BB5211E33E100BBAFEC /* KamuNavigationController.swift */; };
		B9C27BB8211E343700BBAFEC /* KamuApplicationRouter.swift in Sources */ = {isa = PBXBuildFile; fileRef = B9C27BB7211E343700BBAFEC /* KamuApplicationRouter.swift */; };
		B9C27BBA211E347100BBAFEC /* KamuNavigationInterfaces.swift in Sources */ = {isa = PBXBuildFile; fileRef = B9C27BB9211E347100BBAFEC /* KamuNavigationInterfaces.swift */; };
		B9C27BBD211E34BE00BBAFEC /* KamuBlackNavigationBarTheme.swift in Sources */ = {isa = PBXBuildFile; fileRef = B9C27BBC211E34BE00BBAFEC /* KamuBlackNavigationBarTheme.swift */; };
		FAD545A8666D78F5782C719B /* Pods_TWKamu.framework in Frameworks */ = {isa = PBXBuildFile; fileRef = CBA3A973D06A419AB3BFE957 /* Pods_TWKamu.framework */; };
/* End PBXBuildFile section */

/* Begin PBXContainerItemProxy section */
		B91B4996211E27BD0015BEBC /* PBXContainerItemProxy */ = {
			isa = PBXContainerItemProxy;
			containerPortal = B91B4979211E27BB0015BEBC /* Project object */;
			proxyType = 1;
			remoteGlobalIDString = B91B4980211E27BB0015BEBC;
			remoteInfo = TWKamu;
		};
/* End PBXContainerItemProxy section */

/* Begin PBXCopyFilesBuildPhase section */
		B93206AF2121F8BD006F2836 /* Embed Frameworks */ = {
			isa = PBXCopyFilesBuildPhase;
			buildActionMask = 2147483647;
			dstPath = "";
			dstSubfolderSpec = 10;
			files = (
				B93206B12121F8C9006F2836 /* RealmSwift.framework in Embed Frameworks */,
				B93206AE2121F8BD006F2836 /* Realm.framework in Embed Frameworks */,
			);
			name = "Embed Frameworks";
			runOnlyForDeploymentPostprocessing = 0;
		};
/* End PBXCopyFilesBuildPhase section */

/* Begin PBXFileReference section */
		3AC2CEF473AB281BB3AA558A /* Pods-TWKamu.debug.xcconfig */ = {isa = PBXFileReference; includeInIndex = 1; lastKnownFileType = text.xcconfig; name = "Pods-TWKamu.debug.xcconfig"; path = "Pods/Target Support Files/Pods-TWKamu/Pods-TWKamu.debug.xcconfig"; sourceTree = "<group>"; };
		8BE69DB56561D7CCE18737E2 /* Pods-TWKamuTests.debug.xcconfig */ = {isa = PBXFileReference; includeInIndex = 1; lastKnownFileType = text.xcconfig; name = "Pods-TWKamuTests.debug.xcconfig"; path = "Pods/Target Support Files/Pods-TWKamuTests/Pods-TWKamuTests.debug.xcconfig"; sourceTree = "<group>"; };
		9353BA450F2D3AB09E0BC126 /* Pods_TWKamuTests.framework */ = {isa = PBXFileReference; explicitFileType = wrapper.framework; includeInIndex = 0; path = Pods_TWKamuTests.framework; sourceTree = BUILT_PRODUCTS_DIR; };
		96BC11221041A35FEED7C54D /* Pods-TWKamuTests.release.xcconfig */ = {isa = PBXFileReference; includeInIndex = 1; lastKnownFileType = text.xcconfig; name = "Pods-TWKamuTests.release.xcconfig"; path = "Pods/Target Support Files/Pods-TWKamuTests/Pods-TWKamuTests.release.xcconfig"; sourceTree = "<group>"; };
		B91B4981211E27BB0015BEBC /* TWKamu.app */ = {isa = PBXFileReference; explicitFileType = wrapper.application; includeInIndex = 0; path = TWKamu.app; sourceTree = BUILT_PRODUCTS_DIR; };
		B91B4984211E27BB0015BEBC /* AppDelegate.swift */ = {isa = PBXFileReference; lastKnownFileType = sourcecode.swift; path = AppDelegate.swift; sourceTree = "<group>"; };
		B91B498B211E27BD0015BEBC /* Assets.xcassets */ = {isa = PBXFileReference; lastKnownFileType = folder.assetcatalog; path = Assets.xcassets; sourceTree = "<group>"; };
		B91B498E211E27BD0015BEBC /* Base */ = {isa = PBXFileReference; lastKnownFileType = file.storyboard; name = Base; path = Base.lproj/LaunchScreen.storyboard; sourceTree = "<group>"; };
		B91B4990211E27BD0015BEBC /* Info.plist */ = {isa = PBXFileReference; lastKnownFileType = text.plist.xml; path = Info.plist; sourceTree = "<group>"; };
		B91B4995211E27BD0015BEBC /* TWKamuTests.xctest */ = {isa = PBXFileReference; explicitFileType = wrapper.cfbundle; includeInIndex = 0; path = TWKamuTests.xctest; sourceTree = BUILT_PRODUCTS_DIR; };
		B91B4999211E27BD0015BEBC /* TWKamuTests.swift */ = {isa = PBXFileReference; lastKnownFileType = sourcecode.swift; path = TWKamuTests.swift; sourceTree = "<group>"; };
		B91B499B211E27BD0015BEBC /* Info.plist */ = {isa = PBXFileReference; lastKnownFileType = text.plist.xml; path = Info.plist; sourceTree = "<group>"; };
		B93206A32121D165006F2836 /* Realm.framework */ = {isa = PBXFileReference; lastKnownFileType = wrapper.framework; name = Realm.framework; path = Carthage/Build/iOS/Realm.framework; sourceTree = "<group>"; };
		B93206AB2121F539006F2836 /* RealmSwift.framework */ = {isa = PBXFileReference; lastKnownFileType = wrapper.framework; name = RealmSwift.framework; path = Carthage/Build/iOS/RealmSwift.framework; sourceTree = "<group>"; };
		B93206B221220124006F2836 /* HomeInterfaces.swift */ = {isa = PBXFileReference; lastKnownFileType = sourcecode.swift; path = HomeInterfaces.swift; sourceTree = "<group>"; };
		B93206B321220124006F2836 /* HomePresenter.swift */ = {isa = PBXFileReference; lastKnownFileType = sourcecode.swift; path = HomePresenter.swift; sourceTree = "<group>"; };
		B93206B421220124006F2836 /* HomeViewController.swift */ = {isa = PBXFileReference; lastKnownFileType = sourcecode.swift; path = HomeViewController.swift; sourceTree = "<group>"; };
		B93206B621220124006F2836 /* HomeViewController.xib */ = {isa = PBXFileReference; lastKnownFileType = file.xib; path = HomeViewController.xib; sourceTree = "<group>"; };
		B93206B721220124006F2836 /* HomeWireframe.swift */ = {isa = PBXFileReference; lastKnownFileType = sourcecode.swift; path = HomeWireframe.swift; sourceTree = "<group>"; };
		B93206BF21220998006F2836 /* KamuStrings.swift */ = {isa = PBXFileReference; lastKnownFileType = sourcecode.swift; path = KamuStrings.swift; sourceTree = "<group>"; };
		B93206C121221F60006F2836 /* KamuClearNavigationBarTheme.swift */ = {isa = PBXFileReference; lastKnownFileType = sourcecode.swift; path = KamuClearNavigationBarTheme.swift; sourceTree = "<group>"; };
		B93206C321222198006F2836 /* LibrariesInterfaces.swift */ = {isa = PBXFileReference; lastKnownFileType = sourcecode.swift; path = LibrariesInterfaces.swift; sourceTree = "<group>"; };
		B93206C421222198006F2836 /* LibrariesPresenter.swift */ = {isa = PBXFileReference; lastKnownFileType = sourcecode.swift; path = LibrariesPresenter.swift; sourceTree = "<group>"; };
		B93206C521222198006F2836 /* LibrariesViewController.swift */ = {isa = PBXFileReference; lastKnownFileType = sourcecode.swift; path = LibrariesViewController.swift; sourceTree = "<group>"; };
		B93206C721222198006F2836 /* LibrariesViewController.xib */ = {isa = PBXFileReference; lastKnownFileType = file.xib; path = LibrariesViewController.xib; sourceTree = "<group>"; };
		B93206C821222198006F2836 /* LibrariesWireframe.swift */ = {isa = PBXFileReference; lastKnownFileType = sourcecode.swift; path = LibrariesWireframe.swift; sourceTree = "<group>"; };
		B93F3C0F2123077B0000D0A5 /* KamuLibraryCell.swift */ = {isa = PBXFileReference; lastKnownFileType = sourcecode.swift; path = KamuLibraryCell.swift; sourceTree = "<group>"; };
		B93F3C102123077B0000D0A5 /* KamuLibraryCell.xib */ = {isa = PBXFileReference; lastKnownFileType = file.xib; path = KamuLibraryCell.xib; sourceTree = "<group>"; };
		B9C08058211E2ED20072F7BC /* Nimble.framework */ = {isa = PBXFileReference; lastKnownFileType = wrapper.framework; name = Nimble.framework; path = Carthage/Build/iOS/Nimble.framework; sourceTree = "<group>"; };
		B9C08059211E2ED20072F7BC /* Quick.framework */ = {isa = PBXFileReference; lastKnownFileType = wrapper.framework; name = Quick.framework; path = Carthage/Build/iOS/Quick.framework; sourceTree = "<group>"; };
		B9C0805E211E2F7E0072F7BC /* ViewInterface.swift */ = {isa = PBXFileReference; fileEncoding = 4; lastKnownFileType = sourcecode.swift; path = ViewInterface.swift; sourceTree = "<group>"; };
		B9C0805F211E2F7E0072F7BC /* PresenterInterface.swift */ = {isa = PBXFileReference; fileEncoding = 4; lastKnownFileType = sourcecode.swift; path = PresenterInterface.swift; sourceTree = "<group>"; };
		B9C08061211E2F7E0072F7BC /* InteractorInterface.swift */ = {isa = PBXFileReference; fileEncoding = 4; lastKnownFileType = sourcecode.swift; path = InteractorInterface.swift; sourceTree = "<group>"; };
		B9C08066211E2FF20072F7BC /* WireframeInterfaces.swift */ = {isa = PBXFileReference; lastKnownFileType = sourcecode.swift; path = WireframeInterfaces.swift; sourceTree = "<group>"; };
		B9C08068211E32540072F7BC /* BaseWireframe.swift */ = {isa = PBXFileReference; fileEncoding = 4; lastKnownFileType = sourcecode.swift; name = BaseWireframe.swift; path = "../../../../../../faustop-ios/FaustopSounds/FaustopSounds/Infra/VIPER/BaseWireframe.swift"; sourceTree = "<group>"; };
		B9C27BB5211E33E100BBAFEC /* KamuNavigationController.swift */ = {isa = PBXFileReference; lastKnownFileType = sourcecode.swift; path = KamuNavigationController.swift; sourceTree = "<group>"; };
		B9C27BB7211E343700BBAFEC /* KamuApplicationRouter.swift */ = {isa = PBXFileReference; lastKnownFileType = sourcecode.swift; path = KamuApplicationRouter.swift; sourceTree = "<group>"; };
		B9C27BB9211E347100BBAFEC /* KamuNavigationInterfaces.swift */ = {isa = PBXFileReference; lastKnownFileType = sourcecode.swift; path = KamuNavigationInterfaces.swift; sourceTree = "<group>"; };
		B9C27BBC211E34BE00BBAFEC /* KamuBlackNavigationBarTheme.swift */ = {isa = PBXFileReference; lastKnownFileType = sourcecode.swift; path = KamuBlackNavigationBarTheme.swift; sourceTree = "<group>"; };
		CBA3A973D06A419AB3BFE957 /* Pods_TWKamu.framework */ = {isa = PBXFileReference; explicitFileType = wrapper.framework; includeInIndex = 0; path = Pods_TWKamu.framework; sourceTree = BUILT_PRODUCTS_DIR; };
		E1C1DA7C79893096182B9E88 /* Pods-TWKamu.release.xcconfig */ = {isa = PBXFileReference; includeInIndex = 1; lastKnownFileType = text.xcconfig; name = "Pods-TWKamu.release.xcconfig"; path = "Pods/Target Support Files/Pods-TWKamu/Pods-TWKamu.release.xcconfig"; sourceTree = "<group>"; };
/* End PBXFileReference section */

/* Begin PBXFrameworksBuildPhase section */
		B91B497E211E27BB0015BEBC /* Frameworks */ = {
			isa = PBXFrameworksBuildPhase;
			buildActionMask = 2147483647;
			files = (
				B93206AD2121F8BD006F2836 /* Realm.framework in Frameworks */,
				B93206B02121F8C9006F2836 /* RealmSwift.framework in Frameworks */,
				B93206AC2121F539006F2836 /* RealmSwift.framework in Frameworks */,
				B93206A52121DEBB006F2836 /* Realm.framework in Frameworks */,
				FAD545A8666D78F5782C719B /* Pods_TWKamu.framework in Frameworks */,
			);
			runOnlyForDeploymentPostprocessing = 0;
		};
		B91B4992211E27BD0015BEBC /* Frameworks */ = {
			isa = PBXFrameworksBuildPhase;
			buildActionMask = 2147483647;
			files = (
				B9C0805A211E2ED20072F7BC /* Nimble.framework in Frameworks */,
				B9C0805B211E2ED20072F7BC /* Quick.framework in Frameworks */,
				97F8F206BA540C96957A745D /* Pods_TWKamuTests.framework in Frameworks */,
			);
			runOnlyForDeploymentPostprocessing = 0;
		};
/* End PBXFrameworksBuildPhase section */

/* Begin PBXGroup section */
		9592F28C3E5C2ED338E1C235 /* Frameworks */ = {
			isa = PBXGroup;
			children = (
				B93206AB2121F539006F2836 /* RealmSwift.framework */,
				B93206A32121D165006F2836 /* Realm.framework */,
				B9C08058211E2ED20072F7BC /* Nimble.framework */,
				B9C08059211E2ED20072F7BC /* Quick.framework */,
				CBA3A973D06A419AB3BFE957 /* Pods_TWKamu.framework */,
				9353BA450F2D3AB09E0BC126 /* Pods_TWKamuTests.framework */,
			);
			name = Frameworks;
			sourceTree = "<group>";
		};
		B91B4978211E27BB0015BEBC = {
			isa = PBXGroup;
			children = (
				B91B4983211E27BB0015BEBC /* TWKamu */,
				B91B4998211E27BD0015BEBC /* TWKamuTests */,
				B91B4982211E27BB0015BEBC /* Products */,
				C95C04D87BCEC48CC2D99F03 /* Pods */,
				9592F28C3E5C2ED338E1C235 /* Frameworks */,
			);
			sourceTree = "<group>";
		};
		B91B4982211E27BB0015BEBC /* Products */ = {
			isa = PBXGroup;
			children = (
				B91B4981211E27BB0015BEBC /* TWKamu.app */,
				B91B4995211E27BD0015BEBC /* TWKamuTests.xctest */,
			);
			name = Products;
			sourceTree = "<group>";
		};
		B91B4983211E27BB0015BEBC /* TWKamu */ = {
			isa = PBXGroup;
			children = (
				B93206BE21220968006F2836 /* Common */,
				B91B49A4211E27C50015BEBC /* Application */,
				B9C0805C211E2F540072F7BC /* Base */,
				B9C27BB4211E338300BBAFEC /* Navigation */,
				B91B49A6211E27D30015BEBC /* Models */,
				B91B49A5211E27CD0015BEBC /* Modules */,
				B91B49A8211E27E00015BEBC /* Views */,
				B91B49A7211E27D70015BEBC /* Assets */,
			);
			path = TWKamu;
			sourceTree = "<group>";
		};
		B91B4998211E27BD0015BEBC /* TWKamuTests */ = {
			isa = PBXGroup;
			children = (
				B91B4999211E27BD0015BEBC /* TWKamuTests.swift */,
				B91B499B211E27BD0015BEBC /* Info.plist */,
			);
			path = TWKamuTests;
			sourceTree = "<group>";
		};
		B91B49A4211E27C50015BEBC /* Application */ = {
			isa = PBXGroup;
			children = (
				B91B49A9211E28010015BEBC /* Properties */,
				B91B4984211E27BB0015BEBC /* AppDelegate.swift */,
			);
			path = Application;
			sourceTree = "<group>";
		};
		B91B49A5211E27CD0015BEBC /* Modules */ = {
			isa = PBXGroup;
			children = (
				B93206A72121F419006F2836 /* Home */,
				B93206A82121F41F006F2836 /* Libraries */,
				B93206A92121F42C006F2836 /* Books */,
				B93206AA2121F432006F2836 /* BookDetails */,
			);
			path = Modules;
			sourceTree = "<group>";
		};
		B91B49A6211E27D30015BEBC /* Models */ = {
			isa = PBXGroup;
			children = (
			);
			path = Models;
			sourceTree = "<group>";
		};
		B91B49A7211E27D70015BEBC /* Assets */ = {
			isa = PBXGroup;
			children = (
				B91B498B211E27BD0015BEBC /* Assets.xcassets */,
			);
			path = Assets;
			sourceTree = "<group>";
		};
		B91B49A8211E27E00015BEBC /* Views */ = {
			isa = PBXGroup;
			children = (
				B91B498D211E27BD0015BEBC /* LaunchScreen.storyboard */,
			);
			path = Views;
			sourceTree = "<group>";
		};
		B91B49A9211E28010015BEBC /* Properties */ = {
			isa = PBXGroup;
			children = (
				B91B4990211E27BD0015BEBC /* Info.plist */,
			);
			path = Properties;
			sourceTree = "<group>";
		};
		B93206A72121F419006F2836 /* Home */ = {
			isa = PBXGroup;
			children = (
				B93206B221220124006F2836 /* HomeInterfaces.swift */,
				B93206B321220124006F2836 /* HomePresenter.swift */,
				B93206B421220124006F2836 /* HomeViewController.swift */,
				B93206B621220124006F2836 /* HomeViewController.xib */,
				B93206B721220124006F2836 /* HomeWireframe.swift */,
			);
			path = Home;
			sourceTree = "<group>";
		};
		B93206A82121F41F006F2836 /* Libraries */ = {
			isa = PBXGroup;
			children = (
				B93F3C0E2123071B0000D0A5 /* LibraryCell */,
				B93206C321222198006F2836 /* LibrariesInterfaces.swift */,
				B93206C421222198006F2836 /* LibrariesPresenter.swift */,
				B93206C521222198006F2836 /* LibrariesViewController.swift */,
				B93206C721222198006F2836 /* LibrariesViewController.xib */,
				B93206C821222198006F2836 /* LibrariesWireframe.swift */,
			);
			path = Libraries;
			sourceTree = "<group>";
		};
		B93206A92121F42C006F2836 /* Books */ = {
			isa = PBXGroup;
			children = (
			);
			path = Books;
			sourceTree = "<group>";
		};
		B93206AA2121F432006F2836 /* BookDetails */ = {
			isa = PBXGroup;
			children = (
			);
			path = BookDetails;
			sourceTree = "<group>";
		};
		B93206BE21220968006F2836 /* Common */ = {
			isa = PBXGroup;
			children = (
				B93206BF21220998006F2836 /* KamuStrings.swift */,
			);
			path = Common;
			sourceTree = "<group>";
		};
		B93F3C0E2123071B0000D0A5 /* LibraryCell */ = {
			isa = PBXGroup;
			children = (
				B93F3C0F2123077B0000D0A5 /* KamuLibraryCell.swift */,
				B93F3C102123077B0000D0A5 /* KamuLibraryCell.xib */,
			);
			path = LibraryCell;
			sourceTree = "<group>";
		};
		B9C0805C211E2F540072F7BC /* Base */ = {
			isa = PBXGroup;
			children = (
				B9C0805D211E2F600072F7BC /* VIPER */,
			);
			path = Base;
			sourceTree = "<group>";
		};
		B9C0805D211E2F600072F7BC /* VIPER */ = {
			isa = PBXGroup;
			children = (
				B9C08066211E2FF20072F7BC /* WireframeInterfaces.swift */,
				B9C08068211E32540072F7BC /* BaseWireframe.swift */,
				B9C08061211E2F7E0072F7BC /* InteractorInterface.swift */,
				B9C0805F211E2F7E0072F7BC /* PresenterInterface.swift */,
				B9C0805E211E2F7E0072F7BC /* ViewInterface.swift */,
			);
			path = VIPER;
			sourceTree = "<group>";
		};
		B9C27BB4211E338300BBAFEC /* Navigation */ = {
			isa = PBXGroup;
			children = (
				B9C27BBB211E34AD00BBAFEC /* Themes */,
				B9C27BB7211E343700BBAFEC /* KamuApplicationRouter.swift */,
				B9C27BB5211E33E100BBAFEC /* KamuNavigationController.swift */,
				B9C27BB9211E347100BBAFEC /* KamuNavigationInterfaces.swift */,
			);
			path = Navigation;
			sourceTree = "<group>";
		};
		B9C27BBB211E34AD00BBAFEC /* Themes */ = {
			isa = PBXGroup;
			children = (
				B9C27BBC211E34BE00BBAFEC /* KamuBlackNavigationBarTheme.swift */,
				B93206C121221F60006F2836 /* KamuClearNavigationBarTheme.swift */,
			);
			path = Themes;
			sourceTree = "<group>";
		};
		C95C04D87BCEC48CC2D99F03 /* Pods */ = {
			isa = PBXGroup;
			children = (
				3AC2CEF473AB281BB3AA558A /* Pods-TWKamu.debug.xcconfig */,
				E1C1DA7C79893096182B9E88 /* Pods-TWKamu.release.xcconfig */,
				8BE69DB56561D7CCE18737E2 /* Pods-TWKamuTests.debug.xcconfig */,
				96BC11221041A35FEED7C54D /* Pods-TWKamuTests.release.xcconfig */,
			);
			name = Pods;
			sourceTree = "<group>";
		};
/* End PBXGroup section */

/* Begin PBXNativeTarget section */
		B91B4980211E27BB0015BEBC /* TWKamu */ = {
			isa = PBXNativeTarget;
			buildConfigurationList = B91B499E211E27BD0015BEBC /* Build configuration list for PBXNativeTarget "TWKamu" */;
			buildPhases = (
				7CC6B2E4ECB00AC521EA11A2 /* [CP] Check Pods Manifest.lock */,
				B91B497D211E27BB0015BEBC /* Sources */,
				B91B497E211E27BB0015BEBC /* Frameworks */,
				B91B497F211E27BB0015BEBC /* Resources */,
				B93206AF2121F8BD006F2836 /* Embed Frameworks */,
				B93206A62121F08A006F2836 /* Realm */,
				B9C08057211E2BC00072F7BC /* SwiftLint */,
			);
			buildRules = (
			);
			dependencies = (
			);
			name = TWKamu;
			productName = TWKamu;
			productReference = B91B4981211E27BB0015BEBC /* TWKamu.app */;
			productType = "com.apple.product-type.application";
		};
		B91B4994211E27BD0015BEBC /* TWKamuTests */ = {
			isa = PBXNativeTarget;
			buildConfigurationList = B91B49A1211E27BD0015BEBC /* Build configuration list for PBXNativeTarget "TWKamuTests" */;
			buildPhases = (
				7081C4AEAFF400555CF88855 /* [CP] Check Pods Manifest.lock */,
				B91B4991211E27BD0015BEBC /* Sources */,
				B91B4992211E27BD0015BEBC /* Frameworks */,
				B91B4993211E27BD0015BEBC /* Resources */,
			);
			buildRules = (
			);
			dependencies = (
				B91B4997211E27BD0015BEBC /* PBXTargetDependency */,
			);
			name = TWKamuTests;
			productName = TWKamuTests;
			productReference = B91B4995211E27BD0015BEBC /* TWKamuTests.xctest */;
			productType = "com.apple.product-type.bundle.unit-test";
		};
/* End PBXNativeTarget section */

/* Begin PBXProject section */
		B91B4979211E27BB0015BEBC /* Project object */ = {
			isa = PBXProject;
			attributes = {
				CLASSPREFIX = Kamu;
				LastSwiftUpdateCheck = 1000;
				LastUpgradeCheck = 1000;
				ORGANIZATIONNAME = ThoughtWorks;
				TargetAttributes = {
					B91B4980211E27BB0015BEBC = {
						CreatedOnToolsVersion = 10.0;
					};
					B91B4994211E27BD0015BEBC = {
						CreatedOnToolsVersion = 10.0;
						TestTargetID = B91B4980211E27BB0015BEBC;
					};
				};
			};
			buildConfigurationList = B91B497C211E27BB0015BEBC /* Build configuration list for PBXProject "TWKamu" */;
			compatibilityVersion = "Xcode 9.3";
			developmentRegion = en;
			hasScannedForEncodings = 0;
			knownRegions = (
				en,
				Base,
			);
			mainGroup = B91B4978211E27BB0015BEBC;
			productRefGroup = B91B4982211E27BB0015BEBC /* Products */;
			projectDirPath = "";
			projectRoot = "";
			targets = (
				B91B4980211E27BB0015BEBC /* TWKamu */,
				B91B4994211E27BD0015BEBC /* TWKamuTests */,
			);
		};
/* End PBXProject section */

/* Begin PBXResourcesBuildPhase section */
		B91B497F211E27BB0015BEBC /* Resources */ = {
			isa = PBXResourcesBuildPhase;
			buildActionMask = 2147483647;
			files = (
				B93206CD21222198006F2836 /* LibrariesViewController.xib in Resources */,
				B91B498F211E27BD0015BEBC /* LaunchScreen.storyboard in Resources */,
				B93F3C122123077B0000D0A5 /* KamuLibraryCell.xib in Resources */,
				B91B498C211E27BD0015BEBC /* Assets.xcassets in Resources */,
				B93206BC21220124006F2836 /* HomeViewController.xib in Resources */,
			);
			runOnlyForDeploymentPostprocessing = 0;
		};
		B91B4993211E27BD0015BEBC /* Resources */ = {
			isa = PBXResourcesBuildPhase;
			buildActionMask = 2147483647;
			files = (
			);
			runOnlyForDeploymentPostprocessing = 0;
		};
/* End PBXResourcesBuildPhase section */

/* Begin PBXShellScriptBuildPhase section */
		7081C4AEAFF400555CF88855 /* [CP] Check Pods Manifest.lock */ = {
			isa = PBXShellScriptBuildPhase;
			buildActionMask = 2147483647;
			files = (
			);
			inputPaths = (
				"${PODS_PODFILE_DIR_PATH}/Podfile.lock",
				"${PODS_ROOT}/Manifest.lock",
			);
			name = "[CP] Check Pods Manifest.lock";
			outputPaths = (
				"$(DERIVED_FILE_DIR)/Pods-TWKamuTests-checkManifestLockResult.txt",
			);
			runOnlyForDeploymentPostprocessing = 0;
			shellPath = /bin/sh;
			shellScript = "diff \"${PODS_PODFILE_DIR_PATH}/Podfile.lock\" \"${PODS_ROOT}/Manifest.lock\" > /dev/null\nif [ $? != 0 ] ; then\n    # print error to STDERR\n    echo \"error: The sandbox is not in sync with the Podfile.lock. Run 'pod install' or update your CocoaPods installation.\" >&2\n    exit 1\nfi\n# This output is used by Xcode 'outputs' to avoid re-running this script phase.\necho \"SUCCESS\" > \"${SCRIPT_OUTPUT_FILE_0}\"\n";
			showEnvVarsInLog = 0;
		};
		7CC6B2E4ECB00AC521EA11A2 /* [CP] Check Pods Manifest.lock */ = {
			isa = PBXShellScriptBuildPhase;
			buildActionMask = 2147483647;
			files = (
			);
			inputPaths = (
				"${PODS_PODFILE_DIR_PATH}/Podfile.lock",
				"${PODS_ROOT}/Manifest.lock",
			);
			name = "[CP] Check Pods Manifest.lock";
			outputPaths = (
				"$(DERIVED_FILE_DIR)/Pods-TWKamu-checkManifestLockResult.txt",
			);
			runOnlyForDeploymentPostprocessing = 0;
			shellPath = /bin/sh;
			shellScript = "diff \"${PODS_PODFILE_DIR_PATH}/Podfile.lock\" \"${PODS_ROOT}/Manifest.lock\" > /dev/null\nif [ $? != 0 ] ; then\n    # print error to STDERR\n    echo \"error: The sandbox is not in sync with the Podfile.lock. Run 'pod install' or update your CocoaPods installation.\" >&2\n    exit 1\nfi\n# This output is used by Xcode 'outputs' to avoid re-running this script phase.\necho \"SUCCESS\" > \"${SCRIPT_OUTPUT_FILE_0}\"\n";
			showEnvVarsInLog = 0;
		};
		B93206A62121F08A006F2836 /* Realm */ = {
			isa = PBXShellScriptBuildPhase;
			buildActionMask = 2147483647;
			files = (
			);
			inputFileListPaths = (
			);
			inputPaths = (
				"$(SRCROOT)/Carthage/Build/iOS/Realm.framework",
				"$(SRCROOT)/Carthage/Build/iOS/RealmSwift.framework",
			);
			name = Realm;
			outputFileListPaths = (
			);
			outputPaths = (
			);
			runOnlyForDeploymentPostprocessing = 0;
			shellPath = /bin/sh;
			shellScript = "/usr/local/bin/carthage copy-frameworks\n";
		};
		B9C08057211E2BC00072F7BC /* SwiftLint */ = {
			isa = PBXShellScriptBuildPhase;
			buildActionMask = 8;
			files = (
			);
			inputFileListPaths = (
			);
			inputPaths = (
			);
			name = SwiftLint;
			outputFileListPaths = (
			);
			outputPaths = (
			);
			runOnlyForDeploymentPostprocessing = 1;
			shellPath = /bin/sh;
			shellScript = "if which swiftlint >/dev/null; then\nswiftlint\nelse\necho \"warning: SwiftLint not installed, download from https://github.com/realm/SwiftLint\"\nfi\n";
		};
/* End PBXShellScriptBuildPhase section */

/* Begin PBXSourcesBuildPhase section */
		B91B497D211E27BB0015BEBC /* Sources */ = {
			isa = PBXSourcesBuildPhase;
			buildActionMask = 2147483647;
			files = (
				B93F3C112123077B0000D0A5 /* KamuLibraryCell.swift in Sources */,
				B93206CE21222198006F2836 /* LibrariesWireframe.swift in Sources */,
				B9C08065211E2F7F0072F7BC /* InteractorInterface.swift in Sources */,
				B9C27BBA211E347100BBAFEC /* KamuNavigationInterfaces.swift in Sources */,
				B93206C021220998006F2836 /* KamuStrings.swift in Sources */,
				B9C08063211E2F7F0072F7BC /* PresenterInterface.swift in Sources */,
				B93206CA21222198006F2836 /* LibrariesPresenter.swift in Sources */,
				B93206B921220124006F2836 /* HomePresenter.swift in Sources */,
				B9C08069211E32540072F7BC /* BaseWireframe.swift in Sources */,
				B9C27BBD211E34BE00BBAFEC /* KamuBlackNavigationBarTheme.swift in Sources */,
				B9C27BB6211E33E100BBAFEC /* KamuNavigationController.swift in Sources */,
				B93206CB21222198006F2836 /* LibrariesViewController.swift in Sources */,
				B9C27BB8211E343700BBAFEC /* KamuApplicationRouter.swift in Sources */,
				B93206BD21220124006F2836 /* HomeWireframe.swift in Sources */,
				B9C08062211E2F7F0072F7BC /* ViewInterface.swift in Sources */,
				B93206C221221F60006F2836 /* KamuClearNavigationBarTheme.swift in Sources */,
				B93206B821220124006F2836 /* HomeInterfaces.swift in Sources */,
				B9C08067211E2FF20072F7BC /* WireframeInterfaces.swift in Sources */,
				B93206C921222198006F2836 /* LibrariesInterfaces.swift in Sources */,
				B93206BA21220124006F2836 /* HomeViewController.swift in Sources */,
				B91B4985211E27BB0015BEBC /* AppDelegate.swift in Sources */,
			);
			runOnlyForDeploymentPostprocessing = 0;
		};
		B91B4991211E27BD0015BEBC /* Sources */ = {
			isa = PBXSourcesBuildPhase;
			buildActionMask = 2147483647;
			files = (
				B91B499A211E27BD0015BEBC /* TWKamuTests.swift in Sources */,
			);
			runOnlyForDeploymentPostprocessing = 0;
		};
/* End PBXSourcesBuildPhase section */

/* Begin PBXTargetDependency section */
		B91B4997211E27BD0015BEBC /* PBXTargetDependency */ = {
			isa = PBXTargetDependency;
			target = B91B4980211E27BB0015BEBC /* TWKamu */;
			targetProxy = B91B4996211E27BD0015BEBC /* PBXContainerItemProxy */;
		};
/* End PBXTargetDependency section */

/* Begin PBXVariantGroup section */
		B91B498D211E27BD0015BEBC /* LaunchScreen.storyboard */ = {
			isa = PBXVariantGroup;
			children = (
				B91B498E211E27BD0015BEBC /* Base */,
			);
			name = LaunchScreen.storyboard;
			sourceTree = "<group>";
		};
/* End PBXVariantGroup section */

/* Begin XCBuildConfiguration section */
		B91B499C211E27BD0015BEBC /* Debug */ = {
			isa = XCBuildConfiguration;
			buildSettings = {
				ALWAYS_SEARCH_USER_PATHS = NO;
				CLANG_ANALYZER_NONNULL = YES;
				CLANG_ANALYZER_NUMBER_OBJECT_CONVERSION = YES_AGGRESSIVE;
				CLANG_CXX_LANGUAGE_STANDARD = "gnu++14";
				CLANG_CXX_LIBRARY = "libc++";
				CLANG_ENABLE_MODULES = YES;
				CLANG_ENABLE_OBJC_ARC = YES;
				CLANG_ENABLE_OBJC_WEAK = YES;
				CLANG_WARN_BLOCK_CAPTURE_AUTORELEASING = YES;
				CLANG_WARN_BOOL_CONVERSION = YES;
				CLANG_WARN_COMMA = YES;
				CLANG_WARN_CONSTANT_CONVERSION = YES;
				CLANG_WARN_DEPRECATED_OBJC_IMPLEMENTATIONS = YES;
				CLANG_WARN_DIRECT_OBJC_ISA_USAGE = YES_ERROR;
				CLANG_WARN_DOCUMENTATION_COMMENTS = YES;
				CLANG_WARN_EMPTY_BODY = YES;
				CLANG_WARN_ENUM_CONVERSION = YES;
				CLANG_WARN_INFINITE_RECURSION = YES;
				CLANG_WARN_INT_CONVERSION = YES;
				CLANG_WARN_NON_LITERAL_NULL_CONVERSION = YES;
				CLANG_WARN_OBJC_IMPLICIT_RETAIN_SELF = YES;
				CLANG_WARN_OBJC_LITERAL_CONVERSION = YES;
				CLANG_WARN_OBJC_ROOT_CLASS = YES_ERROR;
				CLANG_WARN_RANGE_LOOP_ANALYSIS = YES;
				CLANG_WARN_STRICT_PROTOTYPES = YES;
				CLANG_WARN_SUSPICIOUS_MOVE = YES;
				CLANG_WARN_UNGUARDED_AVAILABILITY = YES_AGGRESSIVE;
				CLANG_WARN_UNREACHABLE_CODE = YES;
				CLANG_WARN__DUPLICATE_METHOD_MATCH = YES;
				CODE_SIGN_IDENTITY = "iPhone Developer";
				COPY_PHASE_STRIP = NO;
				DEBUG_INFORMATION_FORMAT = dwarf;
				ENABLE_STRICT_OBJC_MSGSEND = YES;
				ENABLE_TESTABILITY = YES;
				GCC_C_LANGUAGE_STANDARD = gnu11;
				GCC_DYNAMIC_NO_PIC = NO;
				GCC_NO_COMMON_BLOCKS = YES;
				GCC_OPTIMIZATION_LEVEL = 0;
				GCC_PREPROCESSOR_DEFINITIONS = (
					"DEBUG=1",
					"$(inherited)",
				);
				GCC_WARN_64_TO_32_BIT_CONVERSION = YES;
				GCC_WARN_ABOUT_RETURN_TYPE = YES_ERROR;
				GCC_WARN_UNDECLARED_SELECTOR = YES;
				GCC_WARN_UNINITIALIZED_AUTOS = YES_AGGRESSIVE;
				GCC_WARN_UNUSED_FUNCTION = YES;
				GCC_WARN_UNUSED_VARIABLE = YES;
				IPHONEOS_DEPLOYMENT_TARGET = 10.0;
				MTL_ENABLE_DEBUG_INFO = INCLUDE_SOURCE;
				MTL_FAST_MATH = YES;
				ONLY_ACTIVE_ARCH = YES;
				SDKROOT = iphoneos;
				SWIFT_ACTIVE_COMPILATION_CONDITIONS = DEBUG;
				SWIFT_OPTIMIZATION_LEVEL = "-Onone";
				SWIFT_VERSION = 4.0;
			};
			name = Debug;
		};
		B91B499D211E27BD0015BEBC /* Release */ = {
			isa = XCBuildConfiguration;
			buildSettings = {
				ALWAYS_SEARCH_USER_PATHS = NO;
				CLANG_ANALYZER_NONNULL = YES;
				CLANG_ANALYZER_NUMBER_OBJECT_CONVERSION = YES_AGGRESSIVE;
				CLANG_CXX_LANGUAGE_STANDARD = "gnu++14";
				CLANG_CXX_LIBRARY = "libc++";
				CLANG_ENABLE_MODULES = YES;
				CLANG_ENABLE_OBJC_ARC = YES;
				CLANG_ENABLE_OBJC_WEAK = YES;
				CLANG_WARN_BLOCK_CAPTURE_AUTORELEASING = YES;
				CLANG_WARN_BOOL_CONVERSION = YES;
				CLANG_WARN_COMMA = YES;
				CLANG_WARN_CONSTANT_CONVERSION = YES;
				CLANG_WARN_DEPRECATED_OBJC_IMPLEMENTATIONS = YES;
				CLANG_WARN_DIRECT_OBJC_ISA_USAGE = YES_ERROR;
				CLANG_WARN_DOCUMENTATION_COMMENTS = YES;
				CLANG_WARN_EMPTY_BODY = YES;
				CLANG_WARN_ENUM_CONVERSION = YES;
				CLANG_WARN_INFINITE_RECURSION = YES;
				CLANG_WARN_INT_CONVERSION = YES;
				CLANG_WARN_NON_LITERAL_NULL_CONVERSION = YES;
				CLANG_WARN_OBJC_IMPLICIT_RETAIN_SELF = YES;
				CLANG_WARN_OBJC_LITERAL_CONVERSION = YES;
				CLANG_WARN_OBJC_ROOT_CLASS = YES_ERROR;
				CLANG_WARN_RANGE_LOOP_ANALYSIS = YES;
				CLANG_WARN_STRICT_PROTOTYPES = YES;
				CLANG_WARN_SUSPICIOUS_MOVE = YES;
				CLANG_WARN_UNGUARDED_AVAILABILITY = YES_AGGRESSIVE;
				CLANG_WARN_UNREACHABLE_CODE = YES;
				CLANG_WARN__DUPLICATE_METHOD_MATCH = YES;
				CODE_SIGN_IDENTITY = "iPhone Developer";
				COPY_PHASE_STRIP = NO;
				DEBUG_INFORMATION_FORMAT = "dwarf-with-dsym";
				ENABLE_NS_ASSERTIONS = NO;
				ENABLE_STRICT_OBJC_MSGSEND = YES;
				GCC_C_LANGUAGE_STANDARD = gnu11;
				GCC_NO_COMMON_BLOCKS = YES;
				GCC_WARN_64_TO_32_BIT_CONVERSION = YES;
				GCC_WARN_ABOUT_RETURN_TYPE = YES_ERROR;
				GCC_WARN_UNDECLARED_SELECTOR = YES;
				GCC_WARN_UNINITIALIZED_AUTOS = YES_AGGRESSIVE;
				GCC_WARN_UNUSED_FUNCTION = YES;
				GCC_WARN_UNUSED_VARIABLE = YES;
				IPHONEOS_DEPLOYMENT_TARGET = 10.0;
				MTL_ENABLE_DEBUG_INFO = NO;
				MTL_FAST_MATH = YES;
				SDKROOT = iphoneos;
				SWIFT_COMPILATION_MODE = wholemodule;
				SWIFT_OPTIMIZATION_LEVEL = "-O";
				SWIFT_VERSION = 4.0;
				VALIDATE_PRODUCT = YES;
			};
			name = Release;
		};
		B91B499F211E27BD0015BEBC /* Debug */ = {
			isa = XCBuildConfiguration;
			baseConfigurationReference = 3AC2CEF473AB281BB3AA558A /* Pods-TWKamu.debug.xcconfig */;
			buildSettings = {
				ASSETCATALOG_COMPILER_APPICON_NAME = AppIcon;
				CODE_SIGN_STYLE = Automatic;
				DEVELOPMENT_TEAM = CH8UYM6CUQ;
				FRAMEWORK_SEARCH_PATHS = (
					"$(inherited)",
					"$(PROJECT_DIR)/Carthage/Build/iOS",
				);
				INFOPLIST_FILE = "$(SRCROOT)/TWKamu/Application/Properties/Info.plist";
				IPHONEOS_DEPLOYMENT_TARGET = 10.0;
				LD_RUNPATH_SEARCH_PATHS = (
					"$(inherited)",
					"@executable_path/Frameworks",
				);
				PRODUCT_BUNDLE_IDENTIFIER = TW.TWKamu;
				PRODUCT_NAME = "$(TARGET_NAME)";
				SWIFT_VERSION = 4.0;
				TARGETED_DEVICE_FAMILY = 1;
			};
			name = Debug;
		};
		B91B49A0211E27BD0015BEBC /* Release */ = {
			isa = XCBuildConfiguration;
			baseConfigurationReference = E1C1DA7C79893096182B9E88 /* Pods-TWKamu.release.xcconfig */;
			buildSettings = {
				ASSETCATALOG_COMPILER_APPICON_NAME = AppIcon;
				CODE_SIGN_STYLE = Automatic;
				DEVELOPMENT_TEAM = CH8UYM6CUQ;
				FRAMEWORK_SEARCH_PATHS = (
					"$(inherited)",
					"$(PROJECT_DIR)/Carthage/Build/iOS",
				);
				INFOPLIST_FILE = "$(SRCROOT)/TWKamu/Application/Properties/Info.plist";
				IPHONEOS_DEPLOYMENT_TARGET = 10.0;
				LD_RUNPATH_SEARCH_PATHS = (
					"$(inherited)",
					"@executable_path/Frameworks",
				);
				PRODUCT_BUNDLE_IDENTIFIER = TW.TWKamu;
				PRODUCT_NAME = "$(TARGET_NAME)";
				SWIFT_VERSION = 4.0;
				TARGETED_DEVICE_FAMILY = 1;
			};
			name = Release;
		};
		B91B49A2211E27BD0015BEBC /* Debug */ = {
			isa = XCBuildConfiguration;
			baseConfigurationReference = 8BE69DB56561D7CCE18737E2 /* Pods-TWKamuTests.debug.xcconfig */;
			buildSettings = {
				ALWAYS_EMBED_SWIFT_STANDARD_LIBRARIES = YES;
				BUNDLE_LOADER = "$(TEST_HOST)";
				CODE_SIGN_STYLE = Automatic;
				DEVELOPMENT_TEAM = CH8UYM6CUQ;
				FRAMEWORK_SEARCH_PATHS = (
					"$(inherited)",
					"$(PROJECT_DIR)/Carthage/Build/iOS",
				);
				INFOPLIST_FILE = TWKamuTests/Info.plist;
				LD_RUNPATH_SEARCH_PATHS = (
					"$(inherited)",
					"@executable_path/Frameworks",
					"@loader_path/Frameworks",
				);
				PRODUCT_BUNDLE_IDENTIFIER = TW.TWKamuTests;
				PRODUCT_NAME = "$(TARGET_NAME)";
				SWIFT_VERSION = 4.2;
				TARGETED_DEVICE_FAMILY = "1,2";
				TEST_HOST = "$(BUILT_PRODUCTS_DIR)/TWKamu.app/TWKamu";
			};
			name = Debug;
		};
		B91B49A3211E27BD0015BEBC /* Release */ = {
			isa = XCBuildConfiguration;
			baseConfigurationReference = 96BC11221041A35FEED7C54D /* Pods-TWKamuTests.release.xcconfig */;
			buildSettings = {
				ALWAYS_EMBED_SWIFT_STANDARD_LIBRARIES = YES;
				BUNDLE_LOADER = "$(TEST_HOST)";
				CODE_SIGN_STYLE = Automatic;
				DEVELOPMENT_TEAM = CH8UYM6CUQ;
				FRAMEWORK_SEARCH_PATHS = (
					"$(inherited)",
					"$(PROJECT_DIR)/Carthage/Build/iOS",
				);
				INFOPLIST_FILE = TWKamuTests/Info.plist;
				LD_RUNPATH_SEARCH_PATHS = (
					"$(inherited)",
					"@executable_path/Frameworks",
					"@loader_path/Frameworks",
				);
				PRODUCT_BUNDLE_IDENTIFIER = TW.TWKamuTests;
				PRODUCT_NAME = "$(TARGET_NAME)";
				SWIFT_VERSION = 4.2;
				TARGETED_DEVICE_FAMILY = "1,2";
				TEST_HOST = "$(BUILT_PRODUCTS_DIR)/TWKamu.app/TWKamu";
			};
			name = Release;
		};
/* End XCBuildConfiguration section */

/* Begin XCConfigurationList section */
		B91B497C211E27BB0015BEBC /* Build configuration list for PBXProject "TWKamu" */ = {
			isa = XCConfigurationList;
			buildConfigurations = (
				B91B499C211E27BD0015BEBC /* Debug */,
				B91B499D211E27BD0015BEBC /* Release */,
			);
			defaultConfigurationIsVisible = 0;
			defaultConfigurationName = Release;
		};
		B91B499E211E27BD0015BEBC /* Build configuration list for PBXNativeTarget "TWKamu" */ = {
			isa = XCConfigurationList;
			buildConfigurations = (
				B91B499F211E27BD0015BEBC /* Debug */,
				B91B49A0211E27BD0015BEBC /* Release */,
			);
			defaultConfigurationIsVisible = 0;
			defaultConfigurationName = Release;
		};
		B91B49A1211E27BD0015BEBC /* Build configuration list for PBXNativeTarget "TWKamuTests" */ = {
			isa = XCConfigurationList;
			buildConfigurations = (
				B91B49A2211E27BD0015BEBC /* Debug */,
				B91B49A3211E27BD0015BEBC /* Release */,
			);
			defaultConfigurationIsVisible = 0;
			defaultConfigurationName = Release;
		};
/* End XCConfigurationList section */
	};
	rootObject = B91B4979211E27BB0015BEBC /* Project object */;
}
